// !$*UTF8*$!
{
	archiveVersion = 1;
	classes = {
	};
	objectVersion = 56;
	objects = {

/* Begin PBXBuildFile section */
		0B0A0C072A920A1000167B34 /* smallCube.usdz in Resources */ = {isa = PBXBuildFile; fileRef = 0B0A0C052A920A1000167B34 /* smallCube.usdz */; };
		0B0A0C082A920A1000167B34 /* medCube.usdz in Resources */ = {isa = PBXBuildFile; fileRef = 0B0A0C062A920A1000167B34 /* medCube.usdz */; };
		0B0A0C0C2A920AB500167B34 /* Cannon 3D.usdz in Resources */ = {isa = PBXBuildFile; fileRef = 0B0A0C0B2A920AB500167B34 /* Cannon 3D.usdz */; };
		0BD776122A89C34000A8B9BF /* SceneKit Asset Catalog.scnassets in Resources */ = {isa = PBXBuildFile; fileRef = 0BD776112A89C34000A8B9BF /* SceneKit Asset Catalog.scnassets */; };
		0BD776182A8B1B5000A8B9BF /* coconutTree.usdz in Resources */ = {isa = PBXBuildFile; fileRef = 0BD776172A8B1B5000A8B9BF /* coconutTree.usdz */; };
		0BD7761A2A8B211300A8B9BF /* barrel.usdz in Resources */ = {isa = PBXBuildFile; fileRef = 0BD776192A8B211300A8B9BF /* barrel.usdz */; };
		0BD7761C2A8B21B800A8B9BF /* house.usdz in Resources */ = {isa = PBXBuildFile; fileRef = 0BD7761B2A8B21B800A8B9BF /* house.usdz */; };
		0BD7761E2A8B21E800A8B9BF /* island.usdz in Resources */ = {isa = PBXBuildFile; fileRef = 0BD7761D2A8B21E800A8B9BF /* island.usdz */; };
		0BD776222A8B22AC00A8B9BF /* base1.usdz in Resources */ = {isa = PBXBuildFile; fileRef = 0BD7761F2A8B22AC00A8B9BF /* base1.usdz */; };
		0BD776232A8B22AC00A8B9BF /* base2.usdz in Resources */ = {isa = PBXBuildFile; fileRef = 0BD776202A8B22AC00A8B9BF /* base2.usdz */; };
		0BD776242A8B22AC00A8B9BF /* shortBase.usdz in Resources */ = {isa = PBXBuildFile; fileRef = 0BD776212A8B22AC00A8B9BF /* shortBase.usdz */; };
		0BD776262A8B2A3800A8B9BF /* plank.usdz in Resources */ = {isa = PBXBuildFile; fileRef = 0BD776252A8B2A3800A8B9BF /* plank.usdz */; };
		4E321C1E2A763D89000B20AB /* AppDelegate.swift in Sources */ = {isa = PBXBuildFile; fileRef = 4E321C1D2A763D89000B20AB /* AppDelegate.swift */; };
		4E321C202A763D89000B20AB /* ContentView.swift in Sources */ = {isa = PBXBuildFile; fileRef = 4E321C1F2A763D89000B20AB /* ContentView.swift */; };
		4E321C222A763D89000B20AB /* Experience.rcproject in Sources */ = {isa = PBXBuildFile; fileRef = 4E321C212A763D89000B20AB /* Experience.rcproject */; };
		4E321C242A763D8B000B20AB /* Assets.xcassets in Resources */ = {isa = PBXBuildFile; fileRef = 4E321C232A763D8B000B20AB /* Assets.xcassets */; };
		4E321C272A763D8B000B20AB /* Preview Assets.xcassets in Resources */ = {isa = PBXBuildFile; fileRef = 4E321C262A763D8B000B20AB /* Preview Assets.xcassets */; };
/* End PBXBuildFile section */

/* Begin PBXFileReference section */
		0B0A0C052A920A1000167B34 /* smallCube.usdz */ = {isa = PBXFileReference; lastKnownFileType = file.usdz; path = smallCube.usdz; sourceTree = "<group>"; };
		0B0A0C062A920A1000167B34 /* medCube.usdz */ = {isa = PBXFileReference; lastKnownFileType = file.usdz; path = medCube.usdz; sourceTree = "<group>"; };
		0B0A0C0B2A920AB500167B34 /* Cannon 3D.usdz */ = {isa = PBXFileReference; lastKnownFileType = file.usdz; path = "Cannon 3D.usdz"; sourceTree = "<group>"; };
		0BD776112A89C34000A8B9BF /* SceneKit Asset Catalog.scnassets */ = {isa = PBXFileReference; lastKnownFileType = wrapper.scnassets; path = "SceneKit Asset Catalog.scnassets"; sourceTree = "<group>"; };
		0BD776152A8B190800A8B9BF /* MyScene.rcproject */ = {isa = PBXFileReference; lastKnownFileType = file.rcproject; path = MyScene.rcproject; sourceTree = "<group>"; };
		0BD776172A8B1B5000A8B9BF /* coconutTree.usdz */ = {isa = PBXFileReference; lastKnownFileType = file.usdz; path = coconutTree.usdz; sourceTree = "<group>"; };
		0BD776192A8B211300A8B9BF /* barrel.usdz */ = {isa = PBXFileReference; lastKnownFileType = file.usdz; path = barrel.usdz; sourceTree = "<group>"; };
		0BD7761B2A8B21B800A8B9BF /* house.usdz */ = {isa = PBXFileReference; lastKnownFileType = file.usdz; path = house.usdz; sourceTree = "<group>"; };
		0BD7761D2A8B21E800A8B9BF /* island.usdz */ = {isa = PBXFileReference; lastKnownFileType = file.usdz; path = island.usdz; sourceTree = "<group>"; };
		0BD7761F2A8B22AC00A8B9BF /* base1.usdz */ = {isa = PBXFileReference; lastKnownFileType = file.usdz; path = base1.usdz; sourceTree = "<group>"; };
		0BD776202A8B22AC00A8B9BF /* base2.usdz */ = {isa = PBXFileReference; lastKnownFileType = file.usdz; path = base2.usdz; sourceTree = "<group>"; };
		0BD776212A8B22AC00A8B9BF /* shortBase.usdz */ = {isa = PBXFileReference; lastKnownFileType = file.usdz; path = shortBase.usdz; sourceTree = "<group>"; };
		0BD776252A8B2A3800A8B9BF /* plank.usdz */ = {isa = PBXFileReference; lastKnownFileType = file.usdz; path = plank.usdz; sourceTree = "<group>"; };
		4E321C1A2A763D89000B20AB /* ExploreMC3.app */ = {isa = PBXFileReference; explicitFileType = wrapper.application; includeInIndex = 0; path = ExploreMC3.app; sourceTree = BUILT_PRODUCTS_DIR; };
		4E321C1D2A763D89000B20AB /* AppDelegate.swift */ = {isa = PBXFileReference; lastKnownFileType = sourcecode.swift; path = AppDelegate.swift; sourceTree = "<group>"; };
		4E321C1F2A763D89000B20AB /* ContentView.swift */ = {isa = PBXFileReference; lastKnownFileType = sourcecode.swift; path = ContentView.swift; sourceTree = "<group>"; };
		4E321C212A763D89000B20AB /* Experience.rcproject */ = {isa = PBXFileReference; lastKnownFileType = file.rcproject; path = Experience.rcproject; sourceTree = "<group>"; };
		4E321C232A763D8B000B20AB /* Assets.xcassets */ = {isa = PBXFileReference; lastKnownFileType = folder.assetcatalog; path = Assets.xcassets; sourceTree = "<group>"; };
		4E321C262A763D8B000B20AB /* Preview Assets.xcassets */ = {isa = PBXFileReference; lastKnownFileType = folder.assetcatalog; path = "Preview Assets.xcassets"; sourceTree = "<group>"; };
/* End PBXFileReference section */

/* Begin PBXFrameworksBuildPhase section */
		4E321C172A763D89000B20AB /* Frameworks */ = {
			isa = PBXFrameworksBuildPhase;
			buildActionMask = 2147483647;
			files = (
			);
			runOnlyForDeploymentPostprocessing = 0;
		};
/* End PBXFrameworksBuildPhase section */

/* Begin PBXGroup section */
		0BD776162A8B193900A8B9BF /* Reality Asset */ = {
			isa = PBXGroup;
			children = (
				0BD776192A8B211300A8B9BF /* barrel.usdz */,
				0B0A0C0B2A920AB500167B34 /* Cannon 3D.usdz */,
				0BD776172A8B1B5000A8B9BF /* coconutTree.usdz */,
				0BD7761B2A8B21B800A8B9BF /* house.usdz */,
				0BD776252A8B2A3800A8B9BF /* plank.usdz */,
				0BD7761D2A8B21E800A8B9BF /* island.usdz */,
				0BD7761F2A8B22AC00A8B9BF /* base1.usdz */,
				0BD776202A8B22AC00A8B9BF /* base2.usdz */,
				0BD776212A8B22AC00A8B9BF /* shortBase.usdz */,
				0B0A0C062A920A1000167B34 /* medCube.usdz */,
				0B0A0C052A920A1000167B34 /* smallCube.usdz */,
				0BD776152A8B190800A8B9BF /* MyScene.rcproject */,
			);
			path = "Reality Asset";
			sourceTree = "<group>";
		};
		4E321C112A763D89000B20AB = {
			isa = PBXGroup;
			children = (
				0BD776162A8B193900A8B9BF /* Reality Asset */,
				0BD776112A89C34000A8B9BF /* SceneKit Asset Catalog.scnassets */,
				4E321C1C2A763D89000B20AB /* ExploreMC3 */,
				4E321C1B2A763D89000B20AB /* Products */,
			);
			sourceTree = "<group>";
		};
		4E321C1B2A763D89000B20AB /* Products */ = {
			isa = PBXGroup;
			children = (
				4E321C1A2A763D89000B20AB /* ExploreMC3.app */,
			);
			name = Products;
			sourceTree = "<group>";
		};
		4E321C1C2A763D89000B20AB /* ExploreMC3 */ = {
			isa = PBXGroup;
			children = (
				4E321C1D2A763D89000B20AB /* AppDelegate.swift */,
				4E321C1F2A763D89000B20AB /* ContentView.swift */,
				4E321C212A763D89000B20AB /* Experience.rcproject */,
				4E321C232A763D8B000B20AB /* Assets.xcassets */,
				4E321C252A763D8B000B20AB /* Preview Content */,
			);
			path = ExploreMC3;
			sourceTree = "<group>";
		};
		4E321C252A763D8B000B20AB /* Preview Content */ = {
			isa = PBXGroup;
			children = (
				4E321C262A763D8B000B20AB /* Preview Assets.xcassets */,
			);
			path = "Preview Content";
			sourceTree = "<group>";
		};
/* End PBXGroup section */

/* Begin PBXNativeTarget section */
		4E321C192A763D89000B20AB /* ExploreMC3 */ = {
			isa = PBXNativeTarget;
			buildConfigurationList = 4E321C2A2A763D8B000B20AB /* Build configuration list for PBXNativeTarget "ExploreMC3" */;
			buildPhases = (
				4E321C162A763D89000B20AB /* Sources */,
				4E321C172A763D89000B20AB /* Frameworks */,
				4E321C182A763D89000B20AB /* Resources */,
			);
			buildRules = (
			);
			dependencies = (
			);
			name = ExploreMC3;
			productName = ExploreMC3;
			productReference = 4E321C1A2A763D89000B20AB /* ExploreMC3.app */;
			productType = "com.apple.product-type.application";
		};
/* End PBXNativeTarget section */

/* Begin PBXProject section */
		4E321C122A763D89000B20AB /* Project object */ = {
			isa = PBXProject;
			attributes = {
				BuildIndependentTargetsInParallel = 1;
				LastSwiftUpdateCheck = 1430;
				LastUpgradeCheck = 1430;
				TargetAttributes = {
					4E321C192A763D89000B20AB = {
						CreatedOnToolsVersion = 14.3.1;
					};
				};
			};
			buildConfigurationList = 4E321C152A763D89000B20AB /* Build configuration list for PBXProject "ExploreMC3" */;
			compatibilityVersion = "Xcode 14.0";
			developmentRegion = en;
			hasScannedForEncodings = 0;
			knownRegions = (
				en,
				Base,
			);
			mainGroup = 4E321C112A763D89000B20AB;
			productRefGroup = 4E321C1B2A763D89000B20AB /* Products */;
			projectDirPath = "";
			projectRoot = "";
			targets = (
				4E321C192A763D89000B20AB /* ExploreMC3 */,
			);
		};
/* End PBXProject section */

/* Begin PBXResourcesBuildPhase section */
		4E321C182A763D89000B20AB /* Resources */ = {
			isa = PBXResourcesBuildPhase;
			buildActionMask = 2147483647;
			files = (
				0B0A0C0C2A920AB500167B34 /* Cannon 3D.usdz in Resources */,
				0BD7761E2A8B21E800A8B9BF /* island.usdz in Resources */,
				0BD776242A8B22AC00A8B9BF /* shortBase.usdz in Resources */,
				0BD776262A8B2A3800A8B9BF /* plank.usdz in Resources */,
				0B0A0C082A920A1000167B34 /* medCube.usdz in Resources */,
				0BD776232A8B22AC00A8B9BF /* base2.usdz in Resources */,
				0BD7761A2A8B211300A8B9BF /* barrel.usdz in Resources */,
				0B0A0C072A920A1000167B34 /* smallCube.usdz in Resources */,
				0BD776222A8B22AC00A8B9BF /* base1.usdz in Resources */,
				4E321C272A763D8B000B20AB /* Preview Assets.xcassets in Resources */,
				0BD7761C2A8B21B800A8B9BF /* house.usdz in Resources */,
				0BD776122A89C34000A8B9BF /* SceneKit Asset Catalog.scnassets in Resources */,
				4E321C242A763D8B000B20AB /* Assets.xcassets in Resources */,
				0BD776182A8B1B5000A8B9BF /* coconutTree.usdz in Resources */,
			);
			runOnlyForDeploymentPostprocessing = 0;
		};
/* End PBXResourcesBuildPhase section */

/* Begin PBXSourcesBuildPhase section */
		4E321C162A763D89000B20AB /* Sources */ = {
			isa = PBXSourcesBuildPhase;
			buildActionMask = 2147483647;
			files = (
				4E321C202A763D89000B20AB /* ContentView.swift in Sources */,
				4E321C1E2A763D89000B20AB /* AppDelegate.swift in Sources */,
				4E321C222A763D89000B20AB /* Experience.rcproject in Sources */,
			);
			runOnlyForDeploymentPostprocessing = 0;
		};
/* End PBXSourcesBuildPhase section */

/* Begin XCBuildConfiguration section */
		4E321C282A763D8B000B20AB /* Debug */ = {
			isa = XCBuildConfiguration;
			buildSettings = {
				ALWAYS_SEARCH_USER_PATHS = NO;
				CLANG_ANALYZER_NONNULL = YES;
				CLANG_ANALYZER_NUMBER_OBJECT_CONVERSION = YES_AGGRESSIVE;
				CLANG_CXX_LANGUAGE_STANDARD = "gnu++20";
				CLANG_ENABLE_MODULES = YES;
				CLANG_ENABLE_OBJC_ARC = YES;
				CLANG_ENABLE_OBJC_WEAK = YES;
				CLANG_WARN_BLOCK_CAPTURE_AUTORELEASING = YES;
				CLANG_WARN_BOOL_CONVERSION = YES;
				CLANG_WARN_COMMA = YES;
				CLANG_WARN_CONSTANT_CONVERSION = YES;
				CLANG_WARN_DEPRECATED_OBJC_IMPLEMENTATIONS = YES;
				CLANG_WARN_DIRECT_OBJC_ISA_USAGE = YES_ERROR;
				CLANG_WARN_DOCUMENTATION_COMMENTS = YES;
				CLANG_WARN_EMPTY_BODY = YES;
				CLANG_WARN_ENUM_CONVERSION = YES;
				CLANG_WARN_INFINITE_RECURSION = YES;
				CLANG_WARN_INT_CONVERSION = YES;
				CLANG_WARN_NON_LITERAL_NULL_CONVERSION = YES;
				CLANG_WARN_OBJC_IMPLICIT_RETAIN_SELF = YES;
				CLANG_WARN_OBJC_LITERAL_CONVERSION = YES;
				CLANG_WARN_OBJC_ROOT_CLASS = YES_ERROR;
				CLANG_WARN_QUOTED_INCLUDE_IN_FRAMEWORK_HEADER = YES;
				CLANG_WARN_RANGE_LOOP_ANALYSIS = YES;
				CLANG_WARN_STRICT_PROTOTYPES = YES;
				CLANG_WARN_SUSPICIOUS_MOVE = YES;
				CLANG_WARN_UNGUARDED_AVAILABILITY = YES_AGGRESSIVE;
				CLANG_WARN_UNREACHABLE_CODE = YES;
				CLANG_WARN__DUPLICATE_METHOD_MATCH = YES;
				COPY_PHASE_STRIP = NO;
				DEBUG_INFORMATION_FORMAT = dwarf;
				ENABLE_STRICT_OBJC_MSGSEND = YES;
				ENABLE_TESTABILITY = YES;
				GCC_C_LANGUAGE_STANDARD = gnu11;
				GCC_DYNAMIC_NO_PIC = NO;
				GCC_NO_COMMON_BLOCKS = YES;
				GCC_OPTIMIZATION_LEVEL = 0;
				GCC_PREPROCESSOR_DEFINITIONS = (
					"DEBUG=1",
					"$(inherited)",
				);
				GCC_WARN_64_TO_32_BIT_CONVERSION = YES;
				GCC_WARN_ABOUT_RETURN_TYPE = YES_ERROR;
				GCC_WARN_UNDECLARED_SELECTOR = YES;
				GCC_WARN_UNINITIALIZED_AUTOS = YES_AGGRESSIVE;
				GCC_WARN_UNUSED_FUNCTION = YES;
				GCC_WARN_UNUSED_VARIABLE = YES;
				IPHONEOS_DEPLOYMENT_TARGET = 16.4;
				MTL_ENABLE_DEBUG_INFO = INCLUDE_SOURCE;
				MTL_FAST_MATH = YES;
				ONLY_ACTIVE_ARCH = YES;
				SDKROOT = iphoneos;
				SWIFT_ACTIVE_COMPILATION_CONDITIONS = DEBUG;
				SWIFT_OPTIMIZATION_LEVEL = "-Onone";
			};
			name = Debug;
		};
		4E321C292A763D8B000B20AB /* Release */ = {
			isa = XCBuildConfiguration;
			buildSettings = {
				ALWAYS_SEARCH_USER_PATHS = NO;
				CLANG_ANALYZER_NONNULL = YES;
				CLANG_ANALYZER_NUMBER_OBJECT_CONVERSION = YES_AGGRESSIVE;
				CLANG_CXX_LANGUAGE_STANDARD = "gnu++20";
				CLANG_ENABLE_MODULES = YES;
				CLANG_ENABLE_OBJC_ARC = YES;
				CLANG_ENABLE_OBJC_WEAK = YES;
				CLANG_WARN_BLOCK_CAPTURE_AUTORELEASING = YES;
				CLANG_WARN_BOOL_CONVERSION = YES;
				CLANG_WARN_COMMA = YES;
				CLANG_WARN_CONSTANT_CONVERSION = YES;
				CLANG_WARN_DEPRECATED_OBJC_IMPLEMENTATIONS = YES;
				CLANG_WARN_DIRECT_OBJC_ISA_USAGE = YES_ERROR;
				CLANG_WARN_DOCUMENTATION_COMMENTS = YES;
				CLANG_WARN_EMPTY_BODY = YES;
				CLANG_WARN_ENUM_CONVERSION = YES;
				CLANG_WARN_INFINITE_RECURSION = YES;
				CLANG_WARN_INT_CONVERSION = YES;
				CLANG_WARN_NON_LITERAL_NULL_CONVERSION = YES;
				CLANG_WARN_OBJC_IMPLICIT_RETAIN_SELF = YES;
				CLANG_WARN_OBJC_LITERAL_CONVERSION = YES;
				CLANG_WARN_OBJC_ROOT_CLASS = YES_ERROR;
				CLANG_WARN_QUOTED_INCLUDE_IN_FRAMEWORK_HEADER = YES;
				CLANG_WARN_RANGE_LOOP_ANALYSIS = YES;
				CLANG_WARN_STRICT_PROTOTYPES = YES;
				CLANG_WARN_SUSPICIOUS_MOVE = YES;
				CLANG_WARN_UNGUARDED_AVAILABILITY = YES_AGGRESSIVE;
				CLANG_WARN_UNREACHABLE_CODE = YES;
				CLANG_WARN__DUPLICATE_METHOD_MATCH = YES;
				COPY_PHASE_STRIP = NO;
				DEBUG_INFORMATION_FORMAT = "dwarf-with-dsym";
				ENABLE_NS_ASSERTIONS = NO;
				ENABLE_STRICT_OBJC_MSGSEND = YES;
				GCC_C_LANGUAGE_STANDARD = gnu11;
				GCC_NO_COMMON_BLOCKS = YES;
				GCC_WARN_64_TO_32_BIT_CONVERSION = YES;
				GCC_WARN_ABOUT_RETURN_TYPE = YES_ERROR;
				GCC_WARN_UNDECLARED_SELECTOR = YES;
				GCC_WARN_UNINITIALIZED_AUTOS = YES_AGGRESSIVE;
				GCC_WARN_UNUSED_FUNCTION = YES;
				GCC_WARN_UNUSED_VARIABLE = YES;
				IPHONEOS_DEPLOYMENT_TARGET = 16.4;
				MTL_ENABLE_DEBUG_INFO = NO;
				MTL_FAST_MATH = YES;
				SDKROOT = iphoneos;
				SWIFT_COMPILATION_MODE = wholemodule;
				SWIFT_OPTIMIZATION_LEVEL = "-O";
				VALIDATE_PRODUCT = YES;
			};
			name = Release;
		};
		4E321C2B2A763D8B000B20AB /* Debug */ = {
			isa = XCBuildConfiguration;
			buildSettings = {
				ASSETCATALOG_COMPILER_APPICON_NAME = AppIcon;
				ASSETCATALOG_COMPILER_GLOBAL_ACCENT_COLOR_NAME = AccentColor;
				CODE_SIGN_STYLE = Automatic;
				CURRENT_PROJECT_VERSION = 1;
				DEVELOPMENT_ASSET_PATHS = "\"ExploreMC3/Preview Content\"";
				DEVELOPMENT_TEAM = G62A2BCNU5;
				ENABLE_PREVIEWS = YES;
				GENERATE_INFOPLIST_FILE = YES;
				INFOPLIST_KEY_NSCameraUsageDescription = "";
				INFOPLIST_KEY_UIApplicationSupportsIndirectInputEvents = YES;
				INFOPLIST_KEY_UILaunchScreen_Generation = YES;
				INFOPLIST_KEY_UIRequiredDeviceCapabilities = arkit;
				INFOPLIST_KEY_UIStatusBarHidden = YES;
				INFOPLIST_KEY_UISupportedInterfaceOrientations_iPad = "UIInterfaceOrientationPortrait UIInterfaceOrientationPortraitUpsideDown UIInterfaceOrientationLandscapeLeft UIInterfaceOrientationLandscapeRight";
				INFOPLIST_KEY_UISupportedInterfaceOrientations_iPhone = "UIInterfaceOrientationPortrait UIInterfaceOrientationLandscapeLeft UIInterfaceOrientationLandscapeRight";
				LD_RUNPATH_SEARCH_PATHS = (
					"$(inherited)",
					"@executable_path/Frameworks",
				);
				MARKETING_VERSION = 1.0;
				PRODUCT_BUNDLE_IDENTIFIER = com.ada.ExploreMC3;
				PRODUCT_NAME = "$(TARGET_NAME)";
				SWIFT_EMIT_LOC_STRINGS = YES;
				SWIFT_VERSION = 5.0;
				TARGETED_DEVICE_FAMILY = "1,2";
			};
			name = Debug;
		};
		4E321C2C2A763D8B000B20AB /* Release */ = {
			isa = XCBuildConfiguration;
			buildSettings = {
				ASSETCATALOG_COMPILER_APPICON_NAME = AppIcon;
				ASSETCATALOG_COMPILER_GLOBAL_ACCENT_COLOR_NAME = AccentColor;
				CODE_SIGN_STYLE = Automatic;
				CURRENT_PROJECT_VERSION = 1;
				DEVELOPMENT_ASSET_PATHS = "\"ExploreMC3/Preview Content\"";
				DEVELOPMENT_TEAM = G62A2BCNU5;
				ENABLE_PREVIEWS = YES;
				GENERATE_INFOPLIST_FILE = YES;
				INFOPLIST_KEY_NSCameraUsageDescription = "";
				INFOPLIST_KEY_UIApplicationSupportsIndirectInputEvents = YES;
				INFOPLIST_KEY_UILaunchScreen_Generation = YES;
				INFOPLIST_KEY_UIRequiredDeviceCapabilities = arkit;
				INFOPLIST_KEY_UIStatusBarHidden = YES;
				INFOPLIST_KEY_UISupportedInterfaceOrientations_iPad = "UIInterfaceOrientationPortrait UIInterfaceOrientationPortraitUpsideDown UIInterfaceOrientationLandscapeLeft UIInterfaceOrientationLandscapeRight";
				INFOPLIST_KEY_UISupportedInterfaceOrientations_iPhone = "UIInterfaceOrientationPortrait UIInterfaceOrientationLandscapeLeft UIInterfaceOrientationLandscapeRight";
				LD_RUNPATH_SEARCH_PATHS = (
					"$(inherited)",
					"@executable_path/Frameworks",
				);
				MARKETING_VERSION = 1.0;
				PRODUCT_BUNDLE_IDENTIFIER = com.ada.ExploreMC3;
				PRODUCT_NAME = "$(TARGET_NAME)";
				SWIFT_EMIT_LOC_STRINGS = YES;
				SWIFT_VERSION = 5.0;
				TARGETED_DEVICE_FAMILY = "1,2";
			};
			name = Release;
		};
/* End XCBuildConfiguration section */

/* Begin XCConfigurationList section */
		4E321C152A763D89000B20AB /* Build configuration list for PBXProject "ExploreMC3" */ = {
			isa = XCConfigurationList;
			buildConfigurations = (
				4E321C282A763D8B000B20AB /* Debug */,
				4E321C292A763D8B000B20AB /* Release */,
			);
			defaultConfigurationIsVisible = 0;
			defaultConfigurationName = Release;
		};
		4E321C2A2A763D8B000B20AB /* Build configuration list for PBXNativeTarget "ExploreMC3" */ = {
			isa = XCConfigurationList;
			buildConfigurations = (
				4E321C2B2A763D8B000B20AB /* Debug */,
				4E321C2C2A763D8B000B20AB /* Release */,
			);
			defaultConfigurationIsVisible = 0;
			defaultConfigurationName = Release;
		};
/* End XCConfigurationList section */
	};
	rootObject = 4E321C122A763D89000B20AB /* Project object */;
}
